github.com/ebitengine/purego v0.8.2 h1:jPPGWs2sZ1UgOSgD2bClL0MJIqu58nOmIcBuXr62z1I=
github.com/ebitengine/purego v0.8.2/go.mod h1:iIjxzd6CiRiOG0UyXP+V1+jWqUXVjPKLAI0mRfJZTmQ=
github.com/jupiterrider/purego-sdl3 v0.0.0-20250505124546-fecaa0daf560 h1:bMeRd2YN7FFjOiRZj1XKy3o1T1zRrv9c99+u1KljLDE=
github.com/jupiterrider/purego-sdl3 v0.0.0-20250505124546-fecaa0daf560/go.mod h1:bUv1BcdO0uvGAb0mT5PDSInh67TlbzXBBL4/vVwcEEs=
